
Microsoft Visual Studio Solution File, Format Version 11.00
# Visual Studio 2010
Project("{E24C65DC-7377-472B-9ABA-BC803B73C61A}") = "Paperless System", ".", "{E01C515B-9CA3-41CA-A68B-24D52C5283A4}"
	ProjectSection(WebsiteProperties) = preProject
		TargetFrameworkMoniker = ".NETFramework,Version%3Dv4.0"
		Debug.AspNetCompiler.VirtualPath = "/Paperless System"
		Debug.AspNetCompiler.PhysicalPath = "D:\20160704\Paperless System\"
		Debug.AspNetCompiler.TargetPath = "PrecompiledWeb\Paperless System\"
		Debug.AspNetCompiler.Updateable = "true"
		Debug.AspNetCompiler.ForceOverwrite = "true"
		Debug.AspNetCompiler.FixedNames = "false"
		Debug.AspNetCompiler.Debug = "True"
		Release.AspNetCompiler.VirtualPath = "/Paperless System"
		Release.AspNetCompiler.PhysicalPath = "D:\20160704\Paperless System\"
		Release.AspNetCompiler.TargetPath = "PrecompiledWeb\Paperless System\"
		Release.AspNetCompiler.Updateable = "true"
		Release.AspNetCompiler.ForceOverwrite = "true"
		Release.AspNetCompiler.FixedNames = "false"
		Release.AspNetCompiler.Debug = "False"
		VWDPort = "39164"
	EndProjectSection
EndProject
Global
	GlobalSection(SolutionConfigurationPlatforms) = preSolution
		Debug|Any CPU = Debug|Any CPU
	EndGlobalSection
	GlobalSection(ProjectConfigurationPlatforms) = postSolution
		{E01C515B-9CA3-41CA-A68B-24D52C5283A4}.Debug|Any CPU.ActiveCfg = Debug|Any CPU
		{E01C515B-9CA3-41CA-A68B-24D52C5283A4}.Debug|Any CPU.Build.0 = Debug|Any CPU
	EndGlobalSection
	GlobalSection(SolutionProperties) = preSolution
		HideSolutionNode = FALSE
	EndGlobalSection
EndGlobal
